
Microsoft Visual Studio Solution File, Format Version 12.00
# Visual Studio Version 16
VisualStudioVersion = 25.0.1703.0
MinimumVisualStudioVersion = 10.0.40219.1
Project("{FAE04EC0-301F-11D3-BF4B-00C04F79EFBC}") = "Movie-App", "Movie-App.csproj", "{CABFCFA9-357E-4DBC-B602-A3B5E57EDD38}"
EndProject
Global
	GlobalSection(SolutionConfigurationPlatforms) = preSolution
		Debug|Any CPU = Debug|Any CPU
		Release|Any CPU = Release|Any CPU
	EndGlobalSection
	GlobalSection(ProjectConfigurationPlatforms) = postSolution
		{CABFCFA9-357E-4DBC-B602-A3B5E57EDD38}.Debug|Any CPU.ActiveCfg = Debug|Any CPU
		{CABFCFA9-357E-4DBC-B602-A3B5E57EDD38}.Debug|Any CPU.Build.0 = Debug|Any CPU
		{CABFCFA9-357E-4DBC-B602-A3B5E57EDD38}.Release|Any CPU.ActiveCfg = Release|Any CPU
		{CABFCFA9-357E-4DBC-B602-A3B5E57EDD38}.Release|Any CPU.Build.0 = Release|Any CPU
	EndGlobalSection
	GlobalSection(SolutionProperties) = preSolution
		HideSolutionNode = FALSE
	EndGlobalSection
	GlobalSection(ExtensibilityGlobals) = postSolution
		SolutionGuid = {9BAEA4B6-5A12-4A90-BD57-2C3A5447C03C}
	EndGlobalSection
EndGlobal
